
Microsoft Visual Studio Solution File, Format Version 12.00
# Visual Studio Version 16
VisualStudioVersion = 16.0.32802.440
MinimumVisualStudioVersion = 10.0.40219.1
Project("{8BC9CEB8-8B4A-11D0-8D11-00A0C91BC942}") = "C++_Study_ch08", "C++_Study_ch08.vcxproj", "{EBD9FF94-9D09-4BEB-97CA-FDEA10E324B4}"
EndProject
Global
	GlobalSection(SolutionConfigurationPlatforms) = preSolution
		Debug|x64 = Debug|x64
		Debug|x86 = Debug|x86
		Release|x64 = Release|x64
		Release|x86 = Release|x86
	EndGlobalSection
	GlobalSection(ProjectConfigurationPlatforms) = postSolution
		{EBD9FF94-9D09-4BEB-97CA-FDEA10E324B4}.Debug|x64.ActiveCfg = Debug|x64
		{EBD9FF94-9D09-4BEB-97CA-FDEA10E324B4}.Debug|x64.Build.0 = Debug|x64
		{EBD9FF94-9D09-4BEB-97CA-FDEA10E324B4}.Debug|x86.ActiveCfg = Debug|Win32
		{EBD9FF94-9D09-4BEB-97CA-FDEA10E324B4}.Debug|x86.Build.0 = Debug|Win32
		{EBD9FF94-9D09-4BEB-97CA-FDEA10E324B4}.Release|x64.ActiveCfg = Release|x64
		{EBD9FF94-9D09-4BEB-97CA-FDEA10E324B4}.Release|x64.Build.0 = Release|x64
		{EBD9FF94-9D09-4BEB-97CA-FDEA10E324B4}.Release|x86.ActiveCfg = Release|Win32
		{EBD9FF94-9D09-4BEB-97CA-FDEA10E324B4}.Release|x86.Build.0 = Release|Win32
	EndGlobalSection
	GlobalSection(SolutionProperties) = preSolution
		HideSolutionNode = FALSE
	EndGlobalSection
	GlobalSection(ExtensibilityGlobals) = postSolution
		SolutionGuid = {FE22CEFE-B155-40DD-B789-A2775AFECF9E}
	EndGlobalSection
EndGlobal
