
Microsoft Visual Studio Solution File, Format Version 12.00
# Visual Studio Version 16
VisualStudioVersion = 16.0.31410.357
MinimumVisualStudioVersion = 10.0.40219.1
Project("{8BC9CEB8-8B4A-11D0-8D11-00A0C91BC942}") = "C++_Study_ch02", "C++_Study_ch02.vcxproj", "{F2DD3814-E65A-448E-ADE5-3B7F42C39318}"
EndProject
Global
	GlobalSection(SolutionConfigurationPlatforms) = preSolution
		Debug|x64 = Debug|x64
		Debug|x86 = Debug|x86
		Release|x64 = Release|x64
		Release|x86 = Release|x86
	EndGlobalSection
	GlobalSection(ProjectConfigurationPlatforms) = postSolution
		{F2DD3814-E65A-448E-ADE5-3B7F42C39318}.Debug|x64.ActiveCfg = Debug|x64
		{F2DD3814-E65A-448E-ADE5-3B7F42C39318}.Debug|x64.Build.0 = Debug|x64
		{F2DD3814-E65A-448E-ADE5-3B7F42C39318}.Debug|x86.ActiveCfg = Debug|Win32
		{F2DD3814-E65A-448E-ADE5-3B7F42C39318}.Debug|x86.Build.0 = Debug|Win32
		{F2DD3814-E65A-448E-ADE5-3B7F42C39318}.Release|x64.ActiveCfg = Release|x64
		{F2DD3814-E65A-448E-ADE5-3B7F42C39318}.Release|x64.Build.0 = Release|x64
		{F2DD3814-E65A-448E-ADE5-3B7F42C39318}.Release|x86.ActiveCfg = Release|Win32
		{F2DD3814-E65A-448E-ADE5-3B7F42C39318}.Release|x86.Build.0 = Release|Win32
	EndGlobalSection
	GlobalSection(SolutionProperties) = preSolution
		HideSolutionNode = FALSE
	EndGlobalSection
	GlobalSection(ExtensibilityGlobals) = postSolution
		SolutionGuid = {B78603F8-6FC8-482D-8591-9961E3F70679}
	EndGlobalSection
EndGlobal
