
Microsoft Visual Studio Solution File, Format Version 12.00
# Visual Studio Version 16
VisualStudioVersion = 16.0.31410.357
MinimumVisualStudioVersion = 10.0.40219.1
Project("{8BC9CEB8-8B4A-11D0-8D11-00A0C91BC942}") = "Algorithm", "Algorithm.vcxproj", "{157E4335-9111-4196-BCD9-342AE12962B9}"
EndProject
Global
	GlobalSection(SolutionConfigurationPlatforms) = preSolution
		Debug|x64 = Debug|x64
		Debug|x86 = Debug|x86
		Release|x64 = Release|x64
		Release|x86 = Release|x86
	EndGlobalSection
	GlobalSection(ProjectConfigurationPlatforms) = postSolution
		{157E4335-9111-4196-BCD9-342AE12962B9}.Debug|x64.ActiveCfg = Debug|x64
		{157E4335-9111-4196-BCD9-342AE12962B9}.Debug|x64.Build.0 = Debug|x64
		{157E4335-9111-4196-BCD9-342AE12962B9}.Debug|x86.ActiveCfg = Debug|Win32
		{157E4335-9111-4196-BCD9-342AE12962B9}.Debug|x86.Build.0 = Debug|Win32
		{157E4335-9111-4196-BCD9-342AE12962B9}.Release|x64.ActiveCfg = Release|x64
		{157E4335-9111-4196-BCD9-342AE12962B9}.Release|x64.Build.0 = Release|x64
		{157E4335-9111-4196-BCD9-342AE12962B9}.Release|x86.ActiveCfg = Release|Win32
		{157E4335-9111-4196-BCD9-342AE12962B9}.Release|x86.Build.0 = Release|Win32
	EndGlobalSection
	GlobalSection(SolutionProperties) = preSolution
		HideSolutionNode = FALSE
	EndGlobalSection
	GlobalSection(ExtensibilityGlobals) = postSolution
		SolutionGuid = {0DE339E2-0312-45D1-A30E-BCD0B2D91642}
	EndGlobalSection
EndGlobal
